
Microsoft Visual Studio Solution File, Format Version 12.00
# Visual Studio Version 17
VisualStudioVersion = 17.8.34330.188
MinimumVisualStudioVersion = 10.0.40219.1
Project("{8BC9CEB8-8B4A-11D0-8D11-00A0C91BC942}") = "Project1", "Project1\Project1.vcxproj", "{C4E6669D-C7B2-449E-A16B-11AF595E3E46}"
EndProject
Global
	GlobalSection(SolutionConfigurationPlatforms) = preSolution
		Debug|x64 = Debug|x64
		Debug|x86 = Debug|x86
		Release|x64 = Release|x64
		Release|x86 = Release|x86
	EndGlobalSection
	GlobalSection(ProjectConfigurationPlatforms) = postSolution
		{C4E6669D-C7B2-449E-A16B-11AF595E3E46}.Debug|x64.ActiveCfg = Debug|x64
		{C4E6669D-C7B2-449E-A16B-11AF595E3E46}.Debug|x64.Build.0 = Debug|x64
		{C4E6669D-C7B2-449E-A16B-11AF595E3E46}.Debug|x86.ActiveCfg = Debug|Win32
		{C4E6669D-C7B2-449E-A16B-11AF595E3E46}.Debug|x86.Build.0 = Debug|Win32
		{C4E6669D-C7B2-449E-A16B-11AF595E3E46}.Release|x64.ActiveCfg = Release|x64
		{C4E6669D-C7B2-449E-A16B-11AF595E3E46}.Release|x64.Build.0 = Release|x64
		{C4E6669D-C7B2-449E-A16B-11AF595E3E46}.Release|x86.ActiveCfg = Release|Win32
		{C4E6669D-C7B2-449E-A16B-11AF595E3E46}.Release|x86.Build.0 = Release|Win32
	EndGlobalSection
	GlobalSection(SolutionProperties) = preSolution
		HideSolutionNode = FALSE
	EndGlobalSection
	GlobalSection(ExtensibilityGlobals) = postSolution
		SolutionGuid = {BF030FEF-19F3-4303-88C0-A68815D49675}
	EndGlobalSection
EndGlobal
