
Microsoft Visual Studio Solution File, Format Version 12.00
# Visual Studio Version 17
VisualStudioVersion = 17.7.34221.43
MinimumVisualStudioVersion = 10.0.40219.1
Project("{8BC9CEB8-8B4A-11D0-8D11-00A0C91BC942}") = "01_singleLinkedList", "01_singleLinkedList\01_singleLinkedList.vcxproj", "{93F4D1BF-2F3B-4814-B1DC-96DC6420527E}"
EndProject
Project("{8BC9CEB8-8B4A-11D0-8D11-00A0C91BC942}") = "02_LinkedList(DummyHeadNode)", "02_LinkedList(DummyHeadNode)\02_LinkedList(DummyHeadNode).vcxproj", "{AB5B387C-6507-46DC-BA3E-C9915F718B8D}"
EndProject
Project("{8BC9CEB8-8B4A-11D0-8D11-00A0C91BC942}") = "03_DoubledLinkedList", "03_DoubledLinkedList\03_DoubledLinkedList.vcxproj", "{2CC43BE5-BF17-4AC4-880F-A0271E44FC45}"
EndProject
Project("{8BC9CEB8-8B4A-11D0-8D11-00A0C91BC942}") = "04_StackQueue", "04_StackQueue\04_StackQueue.vcxproj", "{D69C7CB1-61F3-485E-87E3-A5BFA77D8D18}"
EndProject
Project("{8BC9CEB8-8B4A-11D0-8D11-00A0C91BC942}") = "05_EventLoopUI", "05_EventLoopUI\05_EventLoopUI.vcxproj", "{7FBBD9F7-421C-4045-9B9E-D7C973A2ADA6}"
EndProject
Project("{8BC9CEB8-8B4A-11D0-8D11-00A0C91BC942}") = "06_DetachFiles", "06_DetachFiles\06_DetachFiles.vcxproj", "{23991108-F3D1-430A-9391-CD2896ABCBA7}"
EndProject
Global
	GlobalSection(SolutionConfigurationPlatforms) = preSolution
		Debug|x64 = Debug|x64
		Debug|x86 = Debug|x86
		Release|x64 = Release|x64
		Release|x86 = Release|x86
	EndGlobalSection
	GlobalSection(ProjectConfigurationPlatforms) = postSolution
		{93F4D1BF-2F3B-4814-B1DC-96DC6420527E}.Debug|x64.ActiveCfg = Debug|x64
		{93F4D1BF-2F3B-4814-B1DC-96DC6420527E}.Debug|x64.Build.0 = Debug|x64
		{93F4D1BF-2F3B-4814-B1DC-96DC6420527E}.Debug|x86.ActiveCfg = Debug|Win32
		{93F4D1BF-2F3B-4814-B1DC-96DC6420527E}.Debug|x86.Build.0 = Debug|Win32
		{93F4D1BF-2F3B-4814-B1DC-96DC6420527E}.Release|x64.ActiveCfg = Release|x64
		{93F4D1BF-2F3B-4814-B1DC-96DC6420527E}.Release|x64.Build.0 = Release|x64
		{93F4D1BF-2F3B-4814-B1DC-96DC6420527E}.Release|x86.ActiveCfg = Release|Win32
		{93F4D1BF-2F3B-4814-B1DC-96DC6420527E}.Release|x86.Build.0 = Release|Win32
		{AB5B387C-6507-46DC-BA3E-C9915F718B8D}.Debug|x64.ActiveCfg = Debug|x64
		{AB5B387C-6507-46DC-BA3E-C9915F718B8D}.Debug|x64.Build.0 = Debug|x64
		{AB5B387C-6507-46DC-BA3E-C9915F718B8D}.Debug|x86.ActiveCfg = Debug|Win32
		{AB5B387C-6507-46DC-BA3E-C9915F718B8D}.Debug|x86.Build.0 = Debug|Win32
		{AB5B387C-6507-46DC-BA3E-C9915F718B8D}.Release|x64.ActiveCfg = Release|x64
		{AB5B387C-6507-46DC-BA3E-C9915F718B8D}.Release|x64.Build.0 = Release|x64
		{AB5B387C-6507-46DC-BA3E-C9915F718B8D}.Release|x86.ActiveCfg = Release|Win32
		{AB5B387C-6507-46DC-BA3E-C9915F718B8D}.Release|x86.Build.0 = Release|Win32
		{2CC43BE5-BF17-4AC4-880F-A0271E44FC45}.Debug|x64.ActiveCfg = Debug|x64
		{2CC43BE5-BF17-4AC4-880F-A0271E44FC45}.Debug|x64.Build.0 = Debug|x64
		{2CC43BE5-BF17-4AC4-880F-A0271E44FC45}.Debug|x86.ActiveCfg = Debug|Win32
		{2CC43BE5-BF17-4AC4-880F-A0271E44FC45}.Debug|x86.Build.0 = Debug|Win32
		{2CC43BE5-BF17-4AC4-880F-A0271E44FC45}.Release|x64.ActiveCfg = Release|x64
		{2CC43BE5-BF17-4AC4-880F-A0271E44FC45}.Release|x64.Build.0 = Release|x64
		{2CC43BE5-BF17-4AC4-880F-A0271E44FC45}.Release|x86.ActiveCfg = Release|Win32
		{2CC43BE5-BF17-4AC4-880F-A0271E44FC45}.Release|x86.Build.0 = Release|Win32
		{D69C7CB1-61F3-485E-87E3-A5BFA77D8D18}.Debug|x64.ActiveCfg = Debug|x64
		{D69C7CB1-61F3-485E-87E3-A5BFA77D8D18}.Debug|x64.Build.0 = Debug|x64
		{D69C7CB1-61F3-485E-87E3-A5BFA77D8D18}.Debug|x86.ActiveCfg = Debug|Win32
		{D69C7CB1-61F3-485E-87E3-A5BFA77D8D18}.Debug|x86.Build.0 = Debug|Win32
		{D69C7CB1-61F3-485E-87E3-A5BFA77D8D18}.Release|x64.ActiveCfg = Release|x64
		{D69C7CB1-61F3-485E-87E3-A5BFA77D8D18}.Release|x64.Build.0 = Release|x64
		{D69C7CB1-61F3-485E-87E3-A5BFA77D8D18}.Release|x86.ActiveCfg = Release|Win32
		{D69C7CB1-61F3-485E-87E3-A5BFA77D8D18}.Release|x86.Build.0 = Release|Win32
		{7FBBD9F7-421C-4045-9B9E-D7C973A2ADA6}.Debug|x64.ActiveCfg = Debug|x64
		{7FBBD9F7-421C-4045-9B9E-D7C973A2ADA6}.Debug|x64.Build.0 = Debug|x64
		{7FBBD9F7-421C-4045-9B9E-D7C973A2ADA6}.Debug|x86.ActiveCfg = Debug|Win32
		{7FBBD9F7-421C-4045-9B9E-D7C973A2ADA6}.Debug|x86.Build.0 = Debug|Win32
		{7FBBD9F7-421C-4045-9B9E-D7C973A2ADA6}.Release|x64.ActiveCfg = Release|x64
		{7FBBD9F7-421C-4045-9B9E-D7C973A2ADA6}.Release|x64.Build.0 = Release|x64
		{7FBBD9F7-421C-4045-9B9E-D7C973A2ADA6}.Release|x86.ActiveCfg = Release|Win32
		{7FBBD9F7-421C-4045-9B9E-D7C973A2ADA6}.Release|x86.Build.0 = Release|Win32
		{23991108-F3D1-430A-9391-CD2896ABCBA7}.Debug|x64.ActiveCfg = Debug|x64
		{23991108-F3D1-430A-9391-CD2896ABCBA7}.Debug|x64.Build.0 = Debug|x64
		{23991108-F3D1-430A-9391-CD2896ABCBA7}.Debug|x86.ActiveCfg = Debug|Win32
		{23991108-F3D1-430A-9391-CD2896ABCBA7}.Debug|x86.Build.0 = Debug|Win32
		{23991108-F3D1-430A-9391-CD2896ABCBA7}.Release|x64.ActiveCfg = Release|x64
		{23991108-F3D1-430A-9391-CD2896ABCBA7}.Release|x64.Build.0 = Release|x64
		{23991108-F3D1-430A-9391-CD2896ABCBA7}.Release|x86.ActiveCfg = Release|Win32
		{23991108-F3D1-430A-9391-CD2896ABCBA7}.Release|x86.Build.0 = Release|Win32
	EndGlobalSection
	GlobalSection(SolutionProperties) = preSolution
		HideSolutionNode = FALSE
	EndGlobalSection
	GlobalSection(ExtensibilityGlobals) = postSolution
		SolutionGuid = {9E3547A4-E2F2-4405-A34F-9799757B7E4B}
	EndGlobalSection
EndGlobal
